
Microsoft Visual Studio Solution File, Format Version 12.00
# Visual Studio Version 17
VisualStudioVersion = 17.5.002.0
MinimumVisualStudioVersion = 10.0.40219.1
Project("{9A19103F-16F7-4668-BE54-9A1E7A4F7556}") = "BackArniway", "BackArniway.csproj", "{A66B25D0-AF55-428F-A3F8-0BB879C2F9BE}"
EndProject
Global
	GlobalSection(SolutionConfigurationPlatforms) = preSolution
		Debug|Any CPU = Debug|Any CPU
		Release|Any CPU = Release|Any CPU
	EndGlobalSection
	GlobalSection(ProjectConfigurationPlatforms) = postSolution
		{A66B25D0-AF55-428F-A3F8-0BB879C2F9BE}.Debug|Any CPU.ActiveCfg = Debug|Any CPU
		{A66B25D0-AF55-428F-A3F8-0BB879C2F9BE}.Debug|Any CPU.Build.0 = Debug|Any CPU
		{A66B25D0-AF55-428F-A3F8-0BB879C2F9BE}.Release|Any CPU.ActiveCfg = Release|Any CPU
		{A66B25D0-AF55-428F-A3F8-0BB879C2F9BE}.Release|Any CPU.Build.0 = Release|Any CPU
	EndGlobalSection
	GlobalSection(SolutionProperties) = preSolution
		HideSolutionNode = FALSE
	EndGlobalSection
	GlobalSection(ExtensibilityGlobals) = postSolution
		SolutionGuid = {ECD13E29-D308-4B7F-9545-C5A28445058A}
	EndGlobalSection
EndGlobal
